// !$*UTF8*$!
{
	archiveVersion = 1;
	classes = {
	};
	objectVersion = 55;
	objects = {

/* Begin PBXBuildFile section */
		FB0C224F27109FEA008E25AF /* TitleView.swift in Sources */ = {isa = PBXBuildFile; fileRef = FB0C224E27109FEA008E25AF /* TitleView.swift */; };
		FB0C22512710A1C4008E25AF /* ProductModel.swift in Sources */ = {isa = PBXBuildFile; fileRef = FB0C22502710A1C4008E25AF /* ProductModel.swift */; };
		FB0C22532710A269008E25AF /* ProductItemView.swift in Sources */ = {isa = PBXBuildFile; fileRef = FB0C22522710A269008E25AF /* ProductItemView.swift */; };
		FB2AD7D7271072FA005830D2 /* CategoryModel.swift in Sources */ = {isa = PBXBuildFile; fileRef = FB2AD7D6271072FA005830D2 /* CategoryModel.swift */; };
		FB2AD7D9271073E1005830D2 /* CategoryItemView.swift in Sources */ = {isa = PBXBuildFile; fileRef = FB2AD7D8271073E1005830D2 /* CategoryItemView.swift */; };
		FB2AD7DB271075D7005830D2 /* CategoryGridView.swift in Sources */ = {isa = PBXBuildFile; fileRef = FB2AD7DA271075D7005830D2 /* CategoryGridView.swift */; };
		FB2AD7DD271079FC005830D2 /* SectionView.swift in Sources */ = {isa = PBXBuildFile; fileRef = FB2AD7DC271079FC005830D2 /* SectionView.swift */; };
		FB4245732710620200E6EA8B /* PlayerModel.swift in Sources */ = {isa = PBXBuildFile; fileRef = FB4245722710620200E6EA8B /* PlayerModel.swift */; };
		FB4245752710625F00E6EA8B /* CodeableBundleExtension.swift in Sources */ = {isa = PBXBuildFile; fileRef = FB4245742710625F00E6EA8B /* CodeableBundleExtension.swift */; };
		FB4245772710639700E6EA8B /* FeaturedItemView.swift in Sources */ = {isa = PBXBuildFile; fileRef = FB4245762710639600E6EA8B /* FeaturedItemView.swift */; };
		FB4245792710671A00E6EA8B /* FeaturedTabView.swift in Sources */ = {isa = PBXBuildFile; fileRef = FB4245782710671A00E6EA8B /* FeaturedTabView.swift */; };
		FB7FA6092710409E000C982D /* TouchdownApp.swift in Sources */ = {isa = PBXBuildFile; fileRef = FB7FA6082710409E000C982D /* TouchdownApp.swift */; };
		FB7FA60B2710409E000C982D /* ContentView.swift in Sources */ = {isa = PBXBuildFile; fileRef = FB7FA60A2710409E000C982D /* ContentView.swift */; };
		FB7FA60D2710409F000C982D /* Assets.xcassets in Resources */ = {isa = PBXBuildFile; fileRef = FB7FA60C2710409F000C982D /* Assets.xcassets */; };
		FB7FA6102710409F000C982D /* Preview Assets.xcassets in Resources */ = {isa = PBXBuildFile; fileRef = FB7FA60F2710409F000C982D /* Preview Assets.xcassets */; };
		FB7FA61A27104103000C982D /* brand.json in Resources */ = {isa = PBXBuildFile; fileRef = FB7FA61627104103000C982D /* brand.json */; };
		FB7FA61B27104103000C982D /* product.json in Resources */ = {isa = PBXBuildFile; fileRef = FB7FA61727104103000C982D /* product.json */; };
		FB7FA61C27104103000C982D /* player.json in Resources */ = {isa = PBXBuildFile; fileRef = FB7FA61827104103000C982D /* player.json */; };
		FB7FA61D27104103000C982D /* category.json in Resources */ = {isa = PBXBuildFile; fileRef = FB7FA61927104103000C982D /* category.json */; };
		FB7FA62A2710445A000C982D /* Constant.swift in Sources */ = {isa = PBXBuildFile; fileRef = FB7FA6292710445A000C982D /* Constant.swift */; };
		FB7FA62C271044E5000C982D /* FooterView.swift in Sources */ = {isa = PBXBuildFile; fileRef = FB7FA62B271044E5000C982D /* FooterView.swift */; };
		FB7FA62E27104B15000C982D /* NavigationBarView.swift in Sources */ = {isa = PBXBuildFile; fileRef = FB7FA62D27104B15000C982D /* NavigationBarView.swift */; };
		FB7FA63227104CD9000C982D /* LogoView.swift in Sources */ = {isa = PBXBuildFile; fileRef = FB7FA63127104CD9000C982D /* LogoView.swift */; };
/* End PBXBuildFile section */

/* Begin PBXFileReference section */
		FB0C224E27109FEA008E25AF /* TitleView.swift */ = {isa = PBXFileReference; lastKnownFileType = sourcecode.swift; path = TitleView.swift; sourceTree = "<group>"; };
		FB0C22502710A1C4008E25AF /* ProductModel.swift */ = {isa = PBXFileReference; lastKnownFileType = sourcecode.swift; path = ProductModel.swift; sourceTree = "<group>"; };
		FB0C22522710A269008E25AF /* ProductItemView.swift */ = {isa = PBXFileReference; lastKnownFileType = sourcecode.swift; path = ProductItemView.swift; sourceTree = "<group>"; };
		FB2AD7D6271072FA005830D2 /* CategoryModel.swift */ = {isa = PBXFileReference; lastKnownFileType = sourcecode.swift; path = CategoryModel.swift; sourceTree = "<group>"; };
		FB2AD7D8271073E1005830D2 /* CategoryItemView.swift */ = {isa = PBXFileReference; lastKnownFileType = sourcecode.swift; path = CategoryItemView.swift; sourceTree = "<group>"; };
		FB2AD7DA271075D7005830D2 /* CategoryGridView.swift */ = {isa = PBXFileReference; lastKnownFileType = sourcecode.swift; path = CategoryGridView.swift; sourceTree = "<group>"; };
		FB2AD7DC271079FC005830D2 /* SectionView.swift */ = {isa = PBXFileReference; lastKnownFileType = sourcecode.swift; path = SectionView.swift; sourceTree = "<group>"; };
		FB4245722710620200E6EA8B /* PlayerModel.swift */ = {isa = PBXFileReference; lastKnownFileType = sourcecode.swift; path = PlayerModel.swift; sourceTree = "<group>"; };
		FB4245742710625F00E6EA8B /* CodeableBundleExtension.swift */ = {isa = PBXFileReference; lastKnownFileType = sourcecode.swift; path = CodeableBundleExtension.swift; sourceTree = "<group>"; };
		FB4245762710639600E6EA8B /* FeaturedItemView.swift */ = {isa = PBXFileReference; lastKnownFileType = sourcecode.swift; path = FeaturedItemView.swift; sourceTree = "<group>"; };
		FB4245782710671A00E6EA8B /* FeaturedTabView.swift */ = {isa = PBXFileReference; lastKnownFileType = sourcecode.swift; path = FeaturedTabView.swift; sourceTree = "<group>"; };
		FB7FA6052710409E000C982D /* Touchdown.app */ = {isa = PBXFileReference; explicitFileType = wrapper.application; includeInIndex = 0; path = Touchdown.app; sourceTree = BUILT_PRODUCTS_DIR; };
		FB7FA6082710409E000C982D /* TouchdownApp.swift */ = {isa = PBXFileReference; lastKnownFileType = sourcecode.swift; path = TouchdownApp.swift; sourceTree = "<group>"; };
		FB7FA60A2710409E000C982D /* ContentView.swift */ = {isa = PBXFileReference; lastKnownFileType = sourcecode.swift; path = ContentView.swift; sourceTree = "<group>"; };
		FB7FA60C2710409F000C982D /* Assets.xcassets */ = {isa = PBXFileReference; lastKnownFileType = folder.assetcatalog; path = Assets.xcassets; sourceTree = "<group>"; };
		FB7FA60F2710409F000C982D /* Preview Assets.xcassets */ = {isa = PBXFileReference; lastKnownFileType = folder.assetcatalog; path = "Preview Assets.xcassets"; sourceTree = "<group>"; };
		FB7FA61627104103000C982D /* brand.json */ = {isa = PBXFileReference; fileEncoding = 4; lastKnownFileType = text.json; path = brand.json; sourceTree = "<group>"; };
		FB7FA61727104103000C982D /* product.json */ = {isa = PBXFileReference; fileEncoding = 4; lastKnownFileType = text.json; path = product.json; sourceTree = "<group>"; };
		FB7FA61827104103000C982D /* player.json */ = {isa = PBXFileReference; fileEncoding = 4; lastKnownFileType = text.json; path = player.json; sourceTree = "<group>"; };
		FB7FA61927104103000C982D /* category.json */ = {isa = PBXFileReference; fileEncoding = 4; lastKnownFileType = text.json; path = category.json; sourceTree = "<group>"; };
		FB7FA6292710445A000C982D /* Constant.swift */ = {isa = PBXFileReference; lastKnownFileType = sourcecode.swift; path = Constant.swift; sourceTree = "<group>"; };
		FB7FA62B271044E5000C982D /* FooterView.swift */ = {isa = PBXFileReference; lastKnownFileType = sourcecode.swift; path = FooterView.swift; sourceTree = "<group>"; };
		FB7FA62D27104B15000C982D /* NavigationBarView.swift */ = {isa = PBXFileReference; lastKnownFileType = sourcecode.swift; path = NavigationBarView.swift; sourceTree = "<group>"; };
		FB7FA63127104CD9000C982D /* LogoView.swift */ = {isa = PBXFileReference; lastKnownFileType = sourcecode.swift; path = LogoView.swift; sourceTree = "<group>"; };
/* End PBXFileReference section */

/* Begin PBXFrameworksBuildPhase section */
		FB7FA6022710409E000C982D /* Frameworks */ = {
			isa = PBXFrameworksBuildPhase;
			buildActionMask = 2147483647;
			files = (
			);
			runOnlyForDeploymentPostprocessing = 0;
		};
/* End PBXFrameworksBuildPhase section */

/* Begin PBXGroup section */
		FB7FA5FC2710409E000C982D = {
			isa = PBXGroup;
			children = (
				FB7FA6072710409E000C982D /* Touchdown */,
				FB7FA6062710409E000C982D /* Products */,
			);
			sourceTree = "<group>";
		};
		FB7FA6062710409E000C982D /* Products */ = {
			isa = PBXGroup;
			children = (
				FB7FA6052710409E000C982D /* Touchdown.app */,
			);
			name = Products;
			sourceTree = "<group>";
		};
		FB7FA6072710409E000C982D /* Touchdown */ = {
			isa = PBXGroup;
			children = (
				FB7FA6222710437F000C982D /* App */,
				FB7FA62027104122000C982D /* Data */,
				FB7FA62327104395000C982D /* View */,
				FB7FA627271043E7000C982D /* Model */,
				FB7FA628271043F4000C982D /* Extension */,
				FB7FA626271043C2000C982D /* Utility */,
				FB7FA60C2710409F000C982D /* Assets.xcassets */,
				FB7FA60E2710409F000C982D /* Preview Content */,
			);
			path = Touchdown;
			sourceTree = "<group>";
		};
		FB7FA60E2710409F000C982D /* Preview Content */ = {
			isa = PBXGroup;
			children = (
				FB7FA60F2710409F000C982D /* Preview Assets.xcassets */,
			);
			path = "Preview Content";
			sourceTree = "<group>";
		};
		FB7FA62027104122000C982D /* Data */ = {
			isa = PBXGroup;
			children = (
				FB7FA61627104103000C982D /* brand.json */,
				FB7FA61927104103000C982D /* category.json */,
				FB7FA61827104103000C982D /* player.json */,
				FB7FA61727104103000C982D /* product.json */,
			);
			path = Data;
			sourceTree = "<group>";
		};
		FB7FA6222710437F000C982D /* App */ = {
			isa = PBXGroup;
			children = (
				FB7FA6082710409E000C982D /* TouchdownApp.swift */,
				FB7FA60A2710409E000C982D /* ContentView.swift */,
			);
			path = App;
			sourceTree = "<group>";
		};
		FB7FA62327104395000C982D /* View */ = {
			isa = PBXGroup;
			children = (
				FB7FA625271043A6000C982D /* Home */,
				FB7FA6242710439B000C982D /* Detail */,
			);
			path = View;
			sourceTree = "<group>";
		};
		FB7FA6242710439B000C982D /* Detail */ = {
			isa = PBXGroup;
			children = (
			);
			path = Detail;
			sourceTree = "<group>";
		};
		FB7FA625271043A6000C982D /* Home */ = {
			isa = PBXGroup;
			children = (
				FB7FA62B271044E5000C982D /* FooterView.swift */,
				FB7FA62D27104B15000C982D /* NavigationBarView.swift */,
				FB7FA63127104CD9000C982D /* LogoView.swift */,
				FB4245762710639600E6EA8B /* FeaturedItemView.swift */,
				FB4245782710671A00E6EA8B /* FeaturedTabView.swift */,
				FB2AD7D8271073E1005830D2 /* CategoryItemView.swift */,
				FB2AD7DA271075D7005830D2 /* CategoryGridView.swift */,
				FB2AD7DC271079FC005830D2 /* SectionView.swift */,
				FB0C224E27109FEA008E25AF /* TitleView.swift */,
				FB0C22522710A269008E25AF /* ProductItemView.swift */,
			);
			path = Home;
			sourceTree = "<group>";
		};
		FB7FA626271043C2000C982D /* Utility */ = {
			isa = PBXGroup;
			children = (
				FB7FA6292710445A000C982D /* Constant.swift */,
			);
			path = Utility;
			sourceTree = "<group>";
		};
		FB7FA627271043E7000C982D /* Model */ = {
			isa = PBXGroup;
			children = (
				FB4245722710620200E6EA8B /* PlayerModel.swift */,
				FB2AD7D6271072FA005830D2 /* CategoryModel.swift */,
				FB0C22502710A1C4008E25AF /* ProductModel.swift */,
			);
			path = Model;
			sourceTree = "<group>";
		};
		FB7FA628271043F4000C982D /* Extension */ = {
			isa = PBXGroup;
			children = (
				FB4245742710625F00E6EA8B /* CodeableBundleExtension.swift */,
			);
			path = Extension;
			sourceTree = "<group>";
		};
/* End PBXGroup section */

/* Begin PBXNativeTarget section */
		FB7FA6042710409E000C982D /* Touchdown */ = {
			isa = PBXNativeTarget;
			buildConfigurationList = FB7FA6132710409F000C982D /* Build configuration list for PBXNativeTarget "Touchdown" */;
			buildPhases = (
				FB7FA6012710409E000C982D /* Sources */,
				FB7FA6022710409E000C982D /* Frameworks */,
				FB7FA6032710409E000C982D /* Resources */,
			);
			buildRules = (
			);
			dependencies = (
			);
			name = Touchdown;
			productName = Touchdown;
			productReference = FB7FA6052710409E000C982D /* Touchdown.app */;
			productType = "com.apple.product-type.application";
		};
/* End PBXNativeTarget section */

/* Begin PBXProject section */
		FB7FA5FD2710409E000C982D /* Project object */ = {
			isa = PBXProject;
			attributes = {
				BuildIndependentTargetsInParallel = 1;
				LastSwiftUpdateCheck = 1300;
				LastUpgradeCheck = 1300;
				TargetAttributes = {
					FB7FA6042710409E000C982D = {
						CreatedOnToolsVersion = 13.0;
					};
				};
			};
			buildConfigurationList = FB7FA6002710409E000C982D /* Build configuration list for PBXProject "Touchdown" */;
			compatibilityVersion = "Xcode 13.0";
			developmentRegion = en;
			hasScannedForEncodings = 0;
			knownRegions = (
				en,
				Base,
			);
			mainGroup = FB7FA5FC2710409E000C982D;
			productRefGroup = FB7FA6062710409E000C982D /* Products */;
			projectDirPath = "";
			projectRoot = "";
			targets = (
				FB7FA6042710409E000C982D /* Touchdown */,
			);
		};
/* End PBXProject section */

/* Begin PBXResourcesBuildPhase section */
		FB7FA6032710409E000C982D /* Resources */ = {
			isa = PBXResourcesBuildPhase;
			buildActionMask = 2147483647;
			files = (
				FB7FA61C27104103000C982D /* player.json in Resources */,
				FB7FA6102710409F000C982D /* Preview Assets.xcassets in Resources */,
				FB7FA61B27104103000C982D /* product.json in Resources */,
				FB7FA61D27104103000C982D /* category.json in Resources */,
				FB7FA60D2710409F000C982D /* Assets.xcassets in Resources */,
				FB7FA61A27104103000C982D /* brand.json in Resources */,
			);
			runOnlyForDeploymentPostprocessing = 0;
		};
/* End PBXResourcesBuildPhase section */

/* Begin PBXSourcesBuildPhase section */
		FB7FA6012710409E000C982D /* Sources */ = {
			isa = PBXSourcesBuildPhase;
			buildActionMask = 2147483647;
			files = (
				FB7FA60B2710409E000C982D /* ContentView.swift in Sources */,
				FB7FA63227104CD9000C982D /* LogoView.swift in Sources */,
				FB7FA62C271044E5000C982D /* FooterView.swift in Sources */,
				FB7FA6092710409E000C982D /* TouchdownApp.swift in Sources */,
				FB4245772710639700E6EA8B /* FeaturedItemView.swift in Sources */,
				FB0C22532710A269008E25AF /* ProductItemView.swift in Sources */,
				FB7FA62A2710445A000C982D /* Constant.swift in Sources */,
				FB7FA62E27104B15000C982D /* NavigationBarView.swift in Sources */,
				FB2AD7DB271075D7005830D2 /* CategoryGridView.swift in Sources */,
				FB2AD7D7271072FA005830D2 /* CategoryModel.swift in Sources */,
				FB4245752710625F00E6EA8B /* CodeableBundleExtension.swift in Sources */,
				FB2AD7DD271079FC005830D2 /* SectionView.swift in Sources */,
				FB2AD7D9271073E1005830D2 /* CategoryItemView.swift in Sources */,
				FB4245792710671A00E6EA8B /* FeaturedTabView.swift in Sources */,
				FB4245732710620200E6EA8B /* PlayerModel.swift in Sources */,
				FB0C224F27109FEA008E25AF /* TitleView.swift in Sources */,
				FB0C22512710A1C4008E25AF /* ProductModel.swift in Sources */,
			);
			runOnlyForDeploymentPostprocessing = 0;
		};
/* End PBXSourcesBuildPhase section */

/* Begin XCBuildConfiguration section */
		FB7FA6112710409F000C982D /* Debug */ = {
			isa = XCBuildConfiguration;
			buildSettings = {
				ALWAYS_SEARCH_USER_PATHS = NO;
				CLANG_ANALYZER_NONNULL = YES;
				CLANG_ANALYZER_NUMBER_OBJECT_CONVERSION = YES_AGGRESSIVE;
				CLANG_CXX_LANGUAGE_STANDARD = "gnu++17";
				CLANG_CXX_LIBRARY = "libc++";
				CLANG_ENABLE_MODULES = YES;
				CLANG_ENABLE_OBJC_ARC = YES;
				CLANG_ENABLE_OBJC_WEAK = YES;
				CLANG_WARN_BLOCK_CAPTURE_AUTORELEASING = YES;
				CLANG_WARN_BOOL_CONVERSION = YES;
				CLANG_WARN_COMMA = YES;
				CLANG_WARN_CONSTANT_CONVERSION = YES;
				CLANG_WARN_DEPRECATED_OBJC_IMPLEMENTATIONS = YES;
				CLANG_WARN_DIRECT_OBJC_ISA_USAGE = YES_ERROR;
				CLANG_WARN_DOCUMENTATION_COMMENTS = YES;
				CLANG_WARN_EMPTY_BODY = YES;
				CLANG_WARN_ENUM_CONVERSION = YES;
				CLANG_WARN_INFINITE_RECURSION = YES;
				CLANG_WARN_INT_CONVERSION = YES;
				CLANG_WARN_NON_LITERAL_NULL_CONVERSION = YES;
				CLANG_WARN_OBJC_IMPLICIT_RETAIN_SELF = YES;
				CLANG_WARN_OBJC_LITERAL_CONVERSION = YES;
				CLANG_WARN_OBJC_ROOT_CLASS = YES_ERROR;
				CLANG_WARN_QUOTED_INCLUDE_IN_FRAMEWORK_HEADER = YES;
				CLANG_WARN_RANGE_LOOP_ANALYSIS = YES;
				CLANG_WARN_STRICT_PROTOTYPES = YES;
				CLANG_WARN_SUSPICIOUS_MOVE = YES;
				CLANG_WARN_UNGUARDED_AVAILABILITY = YES_AGGRESSIVE;
				CLANG_WARN_UNREACHABLE_CODE = YES;
				CLANG_WARN__DUPLICATE_METHOD_MATCH = YES;
				COPY_PHASE_STRIP = NO;
				DEBUG_INFORMATION_FORMAT = dwarf;
				ENABLE_STRICT_OBJC_MSGSEND = YES;
				ENABLE_TESTABILITY = YES;
				GCC_C_LANGUAGE_STANDARD = gnu11;
				GCC_DYNAMIC_NO_PIC = NO;
				GCC_NO_COMMON_BLOCKS = YES;
				GCC_OPTIMIZATION_LEVEL = 0;
				GCC_PREPROCESSOR_DEFINITIONS = (
					"DEBUG=1",
					"$(inherited)",
				);
				GCC_WARN_64_TO_32_BIT_CONVERSION = YES;
				GCC_WARN_ABOUT_RETURN_TYPE = YES_ERROR;
				GCC_WARN_UNDECLARED_SELECTOR = YES;
				GCC_WARN_UNINITIALIZED_AUTOS = YES_AGGRESSIVE;
				GCC_WARN_UNUSED_FUNCTION = YES;
				GCC_WARN_UNUSED_VARIABLE = YES;
				IPHONEOS_DEPLOYMENT_TARGET = 15.0;
				MTL_ENABLE_DEBUG_INFO = INCLUDE_SOURCE;
				MTL_FAST_MATH = YES;
				ONLY_ACTIVE_ARCH = YES;
				SDKROOT = iphoneos;
				SWIFT_ACTIVE_COMPILATION_CONDITIONS = DEBUG;
				SWIFT_OPTIMIZATION_LEVEL = "-Onone";
			};
			name = Debug;
		};
		FB7FA6122710409F000C982D /* Release */ = {
			isa = XCBuildConfiguration;
			buildSettings = {
				ALWAYS_SEARCH_USER_PATHS = NO;
				CLANG_ANALYZER_NONNULL = YES;
				CLANG_ANALYZER_NUMBER_OBJECT_CONVERSION = YES_AGGRESSIVE;
				CLANG_CXX_LANGUAGE_STANDARD = "gnu++17";
				CLANG_CXX_LIBRARY = "libc++";
				CLANG_ENABLE_MODULES = YES;
				CLANG_ENABLE_OBJC_ARC = YES;
				CLANG_ENABLE_OBJC_WEAK = YES;
				CLANG_WARN_BLOCK_CAPTURE_AUTORELEASING = YES;
				CLANG_WARN_BOOL_CONVERSION = YES;
				CLANG_WARN_COMMA = YES;
				CLANG_WARN_CONSTANT_CONVERSION = YES;
				CLANG_WARN_DEPRECATED_OBJC_IMPLEMENTATIONS = YES;
				CLANG_WARN_DIRECT_OBJC_ISA_USAGE = YES_ERROR;
				CLANG_WARN_DOCUMENTATION_COMMENTS = YES;
				CLANG_WARN_EMPTY_BODY = YES;
				CLANG_WARN_ENUM_CONVERSION = YES;
				CLANG_WARN_INFINITE_RECURSION = YES;
				CLANG_WARN_INT_CONVERSION = YES;
				CLANG_WARN_NON_LITERAL_NULL_CONVERSION = YES;
				CLANG_WARN_OBJC_IMPLICIT_RETAIN_SELF = YES;
				CLANG_WARN_OBJC_LITERAL_CONVERSION = YES;
				CLANG_WARN_OBJC_ROOT_CLASS = YES_ERROR;
				CLANG_WARN_QUOTED_INCLUDE_IN_FRAMEWORK_HEADER = YES;
				CLANG_WARN_RANGE_LOOP_ANALYSIS = YES;
				CLANG_WARN_STRICT_PROTOTYPES = YES;
				CLANG_WARN_SUSPICIOUS_MOVE = YES;
				CLANG_WARN_UNGUARDED_AVAILABILITY = YES_AGGRESSIVE;
				CLANG_WARN_UNREACHABLE_CODE = YES;
				CLANG_WARN__DUPLICATE_METHOD_MATCH = YES;
				COPY_PHASE_STRIP = NO;
				DEBUG_INFORMATION_FORMAT = "dwarf-with-dsym";
				ENABLE_NS_ASSERTIONS = NO;
				ENABLE_STRICT_OBJC_MSGSEND = YES;
				GCC_C_LANGUAGE_STANDARD = gnu11;
				GCC_NO_COMMON_BLOCKS = YES;
				GCC_WARN_64_TO_32_BIT_CONVERSION = YES;
				GCC_WARN_ABOUT_RETURN_TYPE = YES_ERROR;
				GCC_WARN_UNDECLARED_SELECTOR = YES;
				GCC_WARN_UNINITIALIZED_AUTOS = YES_AGGRESSIVE;
				GCC_WARN_UNUSED_FUNCTION = YES;
				GCC_WARN_UNUSED_VARIABLE = YES;
				IPHONEOS_DEPLOYMENT_TARGET = 15.0;
				MTL_ENABLE_DEBUG_INFO = NO;
				MTL_FAST_MATH = YES;
				SDKROOT = iphoneos;
				SWIFT_COMPILATION_MODE = wholemodule;
				SWIFT_OPTIMIZATION_LEVEL = "-O";
				VALIDATE_PRODUCT = YES;
			};
			name = Release;
		};
		FB7FA6142710409F000C982D /* Debug */ = {
			isa = XCBuildConfiguration;
			buildSettings = {
				ASSETCATALOG_COMPILER_APPICON_NAME = AppIcon;
				ASSETCATALOG_COMPILER_GLOBAL_ACCENT_COLOR_NAME = AccentColor;
				CODE_SIGN_STYLE = Automatic;
				CURRENT_PROJECT_VERSION = 1;
				DEVELOPMENT_ASSET_PATHS = "\"Touchdown/Preview Content\"";
				ENABLE_PREVIEWS = YES;
				GENERATE_INFOPLIST_FILE = YES;
				INFOPLIST_FILE = Touchdown/Info.plist;
				INFOPLIST_KEY_UIApplicationSceneManifest_Generation = YES;
				INFOPLIST_KEY_UIApplicationSupportsIndirectInputEvents = YES;
				INFOPLIST_KEY_UISupportedInterfaceOrientations_iPad = "UIInterfaceOrientationPortrait UIInterfaceOrientationPortraitUpsideDown UIInterfaceOrientationLandscapeLeft UIInterfaceOrientationLandscapeRight";
				INFOPLIST_KEY_UISupportedInterfaceOrientations_iPhone = "UIInterfaceOrientationPortrait UIInterfaceOrientationLandscapeLeft UIInterfaceOrientationLandscapeRight";
				INFOPLIST_KEY_UIUserInterfaceStyle = Light;
				IPHONEOS_DEPLOYMENT_TARGET = 14.0;
				LD_RUNPATH_SEARCH_PATHS = (
					"$(inherited)",
					"@executable_path/Frameworks",
				);
				MARKETING_VERSION = 1.0;
				PRODUCT_BUNDLE_IDENTIFIER = com.david.Touchdown;
				PRODUCT_NAME = "$(TARGET_NAME)";
				SWIFT_EMIT_LOC_STRINGS = YES;
				SWIFT_VERSION = 5.0;
				TARGETED_DEVICE_FAMILY = "1,2";
			};
			name = Debug;
		};
		FB7FA6152710409F000C982D /* Release */ = {
			isa = XCBuildConfiguration;
			buildSettings = {
				ASSETCATALOG_COMPILER_APPICON_NAME = AppIcon;
				ASSETCATALOG_COMPILER_GLOBAL_ACCENT_COLOR_NAME = AccentColor;
				CODE_SIGN_STYLE = Automatic;
				CURRENT_PROJECT_VERSION = 1;
				DEVELOPMENT_ASSET_PATHS = "\"Touchdown/Preview Content\"";
				ENABLE_PREVIEWS = YES;
				GENERATE_INFOPLIST_FILE = YES;
				INFOPLIST_FILE = Touchdown/Info.plist;
				INFOPLIST_KEY_UIApplicationSceneManifest_Generation = YES;
				INFOPLIST_KEY_UIApplicationSupportsIndirectInputEvents = YES;
				INFOPLIST_KEY_UISupportedInterfaceOrientations_iPad = "UIInterfaceOrientationPortrait UIInterfaceOrientationPortraitUpsideDown UIInterfaceOrientationLandscapeLeft UIInterfaceOrientationLandscapeRight";
				INFOPLIST_KEY_UISupportedInterfaceOrientations_iPhone = "UIInterfaceOrientationPortrait UIInterfaceOrientationLandscapeLeft UIInterfaceOrientationLandscapeRight";
				INFOPLIST_KEY_UIUserInterfaceStyle = Light;
				IPHONEOS_DEPLOYMENT_TARGET = 14.0;
				LD_RUNPATH_SEARCH_PATHS = (
					"$(inherited)",
					"@executable_path/Frameworks",
				);
				MARKETING_VERSION = 1.0;
				PRODUCT_BUNDLE_IDENTIFIER = com.david.Touchdown;
				PRODUCT_NAME = "$(TARGET_NAME)";
				SWIFT_EMIT_LOC_STRINGS = YES;
				SWIFT_VERSION = 5.0;
				TARGETED_DEVICE_FAMILY = "1,2";
			};
			name = Release;
		};
/* End XCBuildConfiguration section */

/* Begin XCConfigurationList section */
		FB7FA6002710409E000C982D /* Build configuration list for PBXProject "Touchdown" */ = {
			isa = XCConfigurationList;
			buildConfigurations = (
				FB7FA6112710409F000C982D /* Debug */,
				FB7FA6122710409F000C982D /* Release */,
			);
			defaultConfigurationIsVisible = 0;
			defaultConfigurationName = Release;
		};
		FB7FA6132710409F000C982D /* Build configuration list for PBXNativeTarget "Touchdown" */ = {
			isa = XCConfigurationList;
			buildConfigurations = (
				FB7FA6142710409F000C982D /* Debug */,
				FB7FA6152710409F000C982D /* Release */,
			);
			defaultConfigurationIsVisible = 0;
			defaultConfigurationName = Release;
		};
/* End XCConfigurationList section */
	};
	rootObject = FB7FA5FD2710409E000C982D /* Project object */;
}
